
Microsoft Visual Studio Solution File, Format Version 12.00
# Visual Studio Version 16
VisualStudioVersion = 16.0.31911.196
MinimumVisualStudioVersion = 10.0.40219.1
Project("{FAE04EC0-301F-11D3-BF4B-00C04F79EFBC}") = "machine learning", "WindowsFormsApp1\machine learning.csproj", "{408FFD63-6ACC-49CF-81BB-22D56B6763AD}"
EndProject
Global
	GlobalSection(SolutionConfigurationPlatforms) = preSolution
		Debug|Any CPU = Debug|Any CPU
		Release|Any CPU = Release|Any CPU
	EndGlobalSection
	GlobalSection(ProjectConfigurationPlatforms) = postSolution
		{408FFD63-6ACC-49CF-81BB-22D56B6763AD}.Debug|Any CPU.ActiveCfg = Debug|Any CPU
		{408FFD63-6ACC-49CF-81BB-22D56B6763AD}.Debug|Any CPU.Build.0 = Debug|Any CPU
		{408FFD63-6ACC-49CF-81BB-22D56B6763AD}.Release|Any CPU.ActiveCfg = Release|Any CPU
		{408FFD63-6ACC-49CF-81BB-22D56B6763AD}.Release|Any CPU.Build.0 = Release|Any CPU
	EndGlobalSection
	GlobalSection(SolutionProperties) = preSolution
		HideSolutionNode = FALSE
	EndGlobalSection
	GlobalSection(ExtensibilityGlobals) = postSolution
		SolutionGuid = {D4FF2865-937E-405F-8C8A-F72843B8664C}
	EndGlobalSection
EndGlobal
